
Microsoft Visual Studio Solution File, Format Version 10.00
# Visual Studio 2008
Project("{FAE04EC0-301F-11D3-BF4B-00C04F79EFBC}") = "CNCRouterCommand", "CNCRouterCommand\CNCRouterCommand.csproj", "{B06C1221-18BE-449F-9B6F-BFE971B9DF06}"
EndProject
Project("{2150E333-8FDC-42A3-9474-1A3956D46DE8}") = "Solution Items", "Solution Items", "{79539885-EFC3-4C2E-BB9B-C1CF817CBB0F}"
	ProjectSection(SolutionItems) = preProject
		CNCRouterCommand1.vsmdi = CNCRouterCommand1.vsmdi
		CNCRouterCommand2.vsmdi = CNCRouterCommand2.vsmdi
		LocalTestRun.testrunconfig = LocalTestRun.testrunconfig
	EndProjectSection
EndProject
Project("{FAE04EC0-301F-11D3-BF4B-00C04F79EFBC}") = "CNCRC_UnitTests", "CNCRC_UnitTests\CNCRC_UnitTests.csproj", "{D87026A8-B3D9-43E5-8708-5F735DF32787}"
EndProject
Global
	GlobalSection(SubversionScc) = preSolution
		Svn-Managed = True
		Manager = AnkhSVN - Subversion Support for Visual Studio
	EndGlobalSection
	GlobalSection(TestCaseManagementSettings) = postSolution
		CategoryFile = CNCRouterCommand2.vsmdi
	EndGlobalSection
	GlobalSection(SolutionConfigurationPlatforms) = preSolution
		Debug|Any CPU = Debug|Any CPU
		Release|Any CPU = Release|Any CPU
	EndGlobalSection
	GlobalSection(ProjectConfigurationPlatforms) = postSolution
		{B06C1221-18BE-449F-9B6F-BFE971B9DF06}.Debug|Any CPU.ActiveCfg = Debug|Any CPU
		{B06C1221-18BE-449F-9B6F-BFE971B9DF06}.Debug|Any CPU.Build.0 = Debug|Any CPU
		{B06C1221-18BE-449F-9B6F-BFE971B9DF06}.Release|Any CPU.ActiveCfg = Release|Any CPU
		{B06C1221-18BE-449F-9B6F-BFE971B9DF06}.Release|Any CPU.Build.0 = Release|Any CPU
		{D87026A8-B3D9-43E5-8708-5F735DF32787}.Debug|Any CPU.ActiveCfg = Debug|Any CPU
		{D87026A8-B3D9-43E5-8708-5F735DF32787}.Debug|Any CPU.Build.0 = Debug|Any CPU
		{D87026A8-B3D9-43E5-8708-5F735DF32787}.Release|Any CPU.ActiveCfg = Release|Any CPU
		{D87026A8-B3D9-43E5-8708-5F735DF32787}.Release|Any CPU.Build.0 = Release|Any CPU
	EndGlobalSection
	GlobalSection(SolutionProperties) = preSolution
		HideSolutionNode = FALSE
	EndGlobalSection
EndGlobal
